
Microsoft Visual Studio Solution File, Format Version 12.00
# Visual Studio Version 17
VisualStudioVersion = 17.5.002.0
MinimumVisualStudioVersion = 10.0.40219.1
Project("{9A19103F-16F7-4668-BE54-9A1E7A4F7556}") = "WebApp1", "WebApp1.csproj", "{53925BDF-8E9C-4F0F-9113-54BA7527BE3B}"
EndProject
Global
	GlobalSection(SolutionConfigurationPlatforms) = preSolution
		Debug|Any CPU = Debug|Any CPU
		Release|Any CPU = Release|Any CPU
	EndGlobalSection
	GlobalSection(ProjectConfigurationPlatforms) = postSolution
		{53925BDF-8E9C-4F0F-9113-54BA7527BE3B}.Debug|Any CPU.ActiveCfg = Debug|Any CPU
		{53925BDF-8E9C-4F0F-9113-54BA7527BE3B}.Debug|Any CPU.Build.0 = Debug|Any CPU
		{53925BDF-8E9C-4F0F-9113-54BA7527BE3B}.Release|Any CPU.ActiveCfg = Release|Any CPU
		{53925BDF-8E9C-4F0F-9113-54BA7527BE3B}.Release|Any CPU.Build.0 = Release|Any CPU
	EndGlobalSection
	GlobalSection(SolutionProperties) = preSolution
		HideSolutionNode = FALSE
	EndGlobalSection
	GlobalSection(ExtensibilityGlobals) = postSolution
		SolutionGuid = {41A9E3E9-604F-4530-8388-9E4AADD4AF0A}
	EndGlobalSection
EndGlobal
